// !$*UTF8*$!
{
	archiveVersion = 1;
	classes = {
	};
	objectVersion = 50;
	objects = {

/* Begin PBXBuildFile section */
		8E31A81E207C25910076CABF /* AppDelegate.swift in Sources */ = {isa = PBXBuildFile; fileRef = 8E31A81D207C25910076CABF /* AppDelegate.swift */; };
		8E31A820207C25910076CABF /* InitialController.swift in Sources */ = {isa = PBXBuildFile; fileRef = 8E31A81F207C25910076CABF /* InitialController.swift */; };
		8E31A823207C25910076CABF /* Main.storyboard in Resources */ = {isa = PBXBuildFile; fileRef = 8E31A821207C25910076CABF /* Main.storyboard */; };
		8E31A825207C25940076CABF /* Assets.xcassets in Resources */ = {isa = PBXBuildFile; fileRef = 8E31A824207C25940076CABF /* Assets.xcassets */; };
		8E31A828207C25940076CABF /* LaunchScreen.storyboard in Resources */ = {isa = PBXBuildFile; fileRef = 8E31A826207C25940076CABF /* LaunchScreen.storyboard */; };
		8E31A833207C25940076CABF /* Card_Shark_iOSTests.swift in Sources */ = {isa = PBXBuildFile; fileRef = 8E31A832207C25940076CABF /* Card_Shark_iOSTests.swift */; };
		8E31A83E207C2B3B0076CABF /* DeckOfCards.swift in Sources */ = {isa = PBXBuildFile; fileRef = 8E31A83D207C2B3B0076CABF /* DeckOfCards.swift */; };
		8E31A845207C2F000076CABF /* Card.swift in Sources */ = {isa = PBXBuildFile; fileRef = 8E31A844207C2EFF0076CABF /* Card.swift */; };
		8E31A847207C36D00076CABF /* SecondController.swift in Sources */ = {isa = PBXBuildFile; fileRef = 8E31A846207C36D00076CABF /* SecondController.swift */; };
		8E31A849207C4FFE0076CABF /* ServerRequest.swift in Sources */ = {isa = PBXBuildFile; fileRef = 8E31A848207C4FFE0076CABF /* ServerRequest.swift */; };
		8E31A84B207C76680076CABF /* ShuffledDeck.swift in Sources */ = {isa = PBXBuildFile; fileRef = 8E31A84A207C76670076CABF /* ShuffledDeck.swift */; };
		8E31A84D207C78050076CABF /* Images.swift in Sources */ = {isa = PBXBuildFile; fileRef = 8E31A84C207C78050076CABF /* Images.swift */; };
		8E31A84F207C801E0076CABF /* CardCell.swift in Sources */ = {isa = PBXBuildFile; fileRef = 8E31A84E207C801E0076CABF /* CardCell.swift */; };
/* End PBXBuildFile section */

/* Begin PBXContainerItemProxy section */
		8E31A82F207C25940076CABF /* PBXContainerItemProxy */ = {
			isa = PBXContainerItemProxy;
			containerPortal = 8E31A812207C25910076CABF /* Project object */;
			proxyType = 1;
			remoteGlobalIDString = 8E31A819207C25910076CABF;
			remoteInfo = "Card Shark iOS";
		};
/* End PBXContainerItemProxy section */

/* Begin PBXFileReference section */
		8E31A81A207C25910076CABF /* Card Shark iOS.app */ = {isa = PBXFileReference; explicitFileType = wrapper.application; includeInIndex = 0; path = "Card Shark iOS.app"; sourceTree = BUILT_PRODUCTS_DIR; };
		8E31A81D207C25910076CABF /* AppDelegate.swift */ = {isa = PBXFileReference; lastKnownFileType = sourcecode.swift; path = AppDelegate.swift; sourceTree = "<group>"; };
		8E31A81F207C25910076CABF /* InitialController.swift */ = {isa = PBXFileReference; lastKnownFileType = sourcecode.swift; path = InitialController.swift; sourceTree = "<group>"; };
		8E31A822207C25910076CABF /* Base */ = {isa = PBXFileReference; lastKnownFileType = file.storyboard; name = Base; path = Base.lproj/Main.storyboard; sourceTree = "<group>"; };
		8E31A824207C25940076CABF /* Assets.xcassets */ = {isa = PBXFileReference; lastKnownFileType = folder.assetcatalog; path = Assets.xcassets; sourceTree = "<group>"; };
		8E31A827207C25940076CABF /* Base */ = {isa = PBXFileReference; lastKnownFileType = file.storyboard; name = Base; path = Base.lproj/LaunchScreen.storyboard; sourceTree = "<group>"; };
		8E31A829207C25940076CABF /* Info.plist */ = {isa = PBXFileReference; lastKnownFileType = text.plist.xml; path = Info.plist; sourceTree = "<group>"; };
		8E31A82E207C25940076CABF /* Card Shark iOSTests.xctest */ = {isa = PBXFileReference; explicitFileType = wrapper.cfbundle; includeInIndex = 0; path = "Card Shark iOSTests.xctest"; sourceTree = BUILT_PRODUCTS_DIR; };
		8E31A832207C25940076CABF /* Card_Shark_iOSTests.swift */ = {isa = PBXFileReference; lastKnownFileType = sourcecode.swift; path = Card_Shark_iOSTests.swift; sourceTree = "<group>"; };
		8E31A834207C25940076CABF /* Info.plist */ = {isa = PBXFileReference; lastKnownFileType = text.plist.xml; path = Info.plist; sourceTree = "<group>"; };
		8E31A83D207C2B3B0076CABF /* DeckOfCards.swift */ = {isa = PBXFileReference; lastKnownFileType = sourcecode.swift; path = DeckOfCards.swift; sourceTree = "<group>"; };
		8E31A844207C2EFF0076CABF /* Card.swift */ = {isa = PBXFileReference; lastKnownFileType = sourcecode.swift; path = Card.swift; sourceTree = "<group>"; };
		8E31A846207C36D00076CABF /* SecondController.swift */ = {isa = PBXFileReference; lastKnownFileType = sourcecode.swift; path = SecondController.swift; sourceTree = "<group>"; };
		8E31A848207C4FFE0076CABF /* ServerRequest.swift */ = {isa = PBXFileReference; lastKnownFileType = sourcecode.swift; path = ServerRequest.swift; sourceTree = "<group>"; };
		8E31A84A207C76670076CABF /* ShuffledDeck.swift */ = {isa = PBXFileReference; lastKnownFileType = sourcecode.swift; path = ShuffledDeck.swift; sourceTree = "<group>"; };
		8E31A84C207C78050076CABF /* Images.swift */ = {isa = PBXFileReference; lastKnownFileType = sourcecode.swift; path = Images.swift; sourceTree = "<group>"; };
		8E31A84E207C801E0076CABF /* CardCell.swift */ = {isa = PBXFileReference; lastKnownFileType = sourcecode.swift; path = CardCell.swift; sourceTree = "<group>"; };
/* End PBXFileReference section */

/* Begin PBXFrameworksBuildPhase section */
		8E31A817207C25910076CABF /* Frameworks */ = {
			isa = PBXFrameworksBuildPhase;
			buildActionMask = 2147483647;
			files = (
			);
			runOnlyForDeploymentPostprocessing = 0;
		};
		8E31A82B207C25940076CABF /* Frameworks */ = {
			isa = PBXFrameworksBuildPhase;
			buildActionMask = 2147483647;
			files = (
			);
			runOnlyForDeploymentPostprocessing = 0;
		};
/* End PBXFrameworksBuildPhase section */

/* Begin PBXGroup section */
		8E31A811207C25910076CABF = {
			isa = PBXGroup;
			children = (
				8E31A81C207C25910076CABF /* Card Shark iOS */,
				8E31A831207C25940076CABF /* Card Shark iOSTests */,
				8E31A81B207C25910076CABF /* Products */,
			);
			sourceTree = "<group>";
		};
		8E31A81B207C25910076CABF /* Products */ = {
			isa = PBXGroup;
			children = (
				8E31A81A207C25910076CABF /* Card Shark iOS.app */,
				8E31A82E207C25940076CABF /* Card Shark iOSTests.xctest */,
			);
			name = Products;
			sourceTree = "<group>";
		};
		8E31A81C207C25910076CABF /* Card Shark iOS */ = {
			isa = PBXGroup;
			children = (
				8E31A81D207C25910076CABF /* AppDelegate.swift */,
				8E31A848207C4FFE0076CABF /* ServerRequest.swift */,
				8E31A840207C2DF70076CABF /* Controllers */,
				8E31A83F207C2DEC0076CABF /* Models */,
				8E31A821207C25910076CABF /* Main.storyboard */,
				8E31A824207C25940076CABF /* Assets.xcassets */,
				8E31A826207C25940076CABF /* LaunchScreen.storyboard */,
				8E31A829207C25940076CABF /* Info.plist */,
			);
			path = "Card Shark iOS";
			sourceTree = "<group>";
		};
		8E31A831207C25940076CABF /* Card Shark iOSTests */ = {
			isa = PBXGroup;
			children = (
				8E31A832207C25940076CABF /* Card_Shark_iOSTests.swift */,
				8E31A834207C25940076CABF /* Info.plist */,
			);
			path = "Card Shark iOSTests";
			sourceTree = "<group>";
		};
		8E31A83F207C2DEC0076CABF /* Models */ = {
			isa = PBXGroup;
			children = (
				8E31A83D207C2B3B0076CABF /* DeckOfCards.swift */,
				8E31A84A207C76670076CABF /* ShuffledDeck.swift */,
				8E31A844207C2EFF0076CABF /* Card.swift */,
				8E31A84C207C78050076CABF /* Images.swift */,
			);
			path = Models;
			sourceTree = "<group>";
		};
		8E31A840207C2DF70076CABF /* Controllers */ = {
			isa = PBXGroup;
			children = (
				8E31A81F207C25910076CABF /* InitialController.swift */,
				8E31A846207C36D00076CABF /* SecondController.swift */,
				8E31A84E207C801E0076CABF /* CardCell.swift */,
			);
			path = Controllers;
			sourceTree = "<group>";
		};
/* End PBXGroup section */

/* Begin PBXNativeTarget section */
		8E31A819207C25910076CABF /* Card Shark iOS */ = {
			isa = PBXNativeTarget;
			buildConfigurationList = 8E31A837207C25940076CABF /* Build configuration list for PBXNativeTarget "Card Shark iOS" */;
			buildPhases = (
				8E31A816207C25910076CABF /* Sources */,
				8E31A817207C25910076CABF /* Frameworks */,
				8E31A818207C25910076CABF /* Resources */,
			);
			buildRules = (
			);
			dependencies = (
			);
			name = "Card Shark iOS";
			productName = "Card Shark iOS";
			productReference = 8E31A81A207C25910076CABF /* Card Shark iOS.app */;
			productType = "com.apple.product-type.application";
		};
		8E31A82D207C25940076CABF /* Card Shark iOSTests */ = {
			isa = PBXNativeTarget;
			buildConfigurationList = 8E31A83A207C25940076CABF /* Build configuration list for PBXNativeTarget "Card Shark iOSTests" */;
			buildPhases = (
				8E31A82A207C25940076CABF /* Sources */,
				8E31A82B207C25940076CABF /* Frameworks */,
				8E31A82C207C25940076CABF /* Resources */,
			);
			buildRules = (
			);
			dependencies = (
				8E31A830207C25940076CABF /* PBXTargetDependency */,
			);
			name = "Card Shark iOSTests";
			productName = "Card Shark iOSTests";
			productReference = 8E31A82E207C25940076CABF /* Card Shark iOSTests.xctest */;
			productType = "com.apple.product-type.bundle.unit-test";
		};
/* End PBXNativeTarget section */

/* Begin PBXProject section */
		8E31A812207C25910076CABF /* Project object */ = {
			isa = PBXProject;
			attributes = {
				LastSwiftUpdateCheck = 0930;
				LastUpgradeCheck = 0930;
				ORGANIZATIONNAME = Brandon;
				TargetAttributes = {
					8E31A819207C25910076CABF = {
						CreatedOnToolsVersion = 9.3;
					};
					8E31A82D207C25940076CABF = {
						CreatedOnToolsVersion = 9.3;
						TestTargetID = 8E31A819207C25910076CABF;
					};
				};
			};
			buildConfigurationList = 8E31A815207C25910076CABF /* Build configuration list for PBXProject "Card Shark iOS" */;
			compatibilityVersion = "Xcode 9.3";
			developmentRegion = en;
			hasScannedForEncodings = 0;
			knownRegions = (
				en,
				Base,
			);
			mainGroup = 8E31A811207C25910076CABF;
			productRefGroup = 8E31A81B207C25910076CABF /* Products */;
			projectDirPath = "";
			projectRoot = "";
			targets = (
				8E31A819207C25910076CABF /* Card Shark iOS */,
				8E31A82D207C25940076CABF /* Card Shark iOSTests */,
			);
		};
/* End PBXProject section */

/* Begin PBXResourcesBuildPhase section */
		8E31A818207C25910076CABF /* Resources */ = {
			isa = PBXResourcesBuildPhase;
			buildActionMask = 2147483647;
			files = (
				8E31A828207C25940076CABF /* LaunchScreen.storyboard in Resources */,
				8E31A825207C25940076CABF /* Assets.xcassets in Resources */,
				8E31A823207C25910076CABF /* Main.storyboard in Resources */,
			);
			runOnlyForDeploymentPostprocessing = 0;
		};
		8E31A82C207C25940076CABF /* Resources */ = {
			isa = PBXResourcesBuildPhase;
			buildActionMask = 2147483647;
			files = (
			);
			runOnlyForDeploymentPostprocessing = 0;
		};
/* End PBXResourcesBuildPhase section */

/* Begin PBXSourcesBuildPhase section */
		8E31A816207C25910076CABF /* Sources */ = {
			isa = PBXSourcesBuildPhase;
			buildActionMask = 2147483647;
			files = (
				8E31A820207C25910076CABF /* InitialController.swift in Sources */,
				8E31A849207C4FFE0076CABF /* ServerRequest.swift in Sources */,
				8E31A845207C2F000076CABF /* Card.swift in Sources */,
				8E31A84D207C78050076CABF /* Images.swift in Sources */,
				8E31A84F207C801E0076CABF /* CardCell.swift in Sources */,
				8E31A847207C36D00076CABF /* SecondController.swift in Sources */,
				8E31A84B207C76680076CABF /* ShuffledDeck.swift in Sources */,
				8E31A81E207C25910076CABF /* AppDelegate.swift in Sources */,
				8E31A83E207C2B3B0076CABF /* DeckOfCards.swift in Sources */,
			);
			runOnlyForDeploymentPostprocessing = 0;
		};
		8E31A82A207C25940076CABF /* Sources */ = {
			isa = PBXSourcesBuildPhase;
			buildActionMask = 2147483647;
			files = (
				8E31A833207C25940076CABF /* Card_Shark_iOSTests.swift in Sources */,
			);
			runOnlyForDeploymentPostprocessing = 0;
		};
/* End PBXSourcesBuildPhase section */

/* Begin PBXTargetDependency section */
		8E31A830207C25940076CABF /* PBXTargetDependency */ = {
			isa = PBXTargetDependency;
			target = 8E31A819207C25910076CABF /* Card Shark iOS */;
			targetProxy = 8E31A82F207C25940076CABF /* PBXContainerItemProxy */;
		};
/* End PBXTargetDependency section */

/* Begin PBXVariantGroup section */
		8E31A821207C25910076CABF /* Main.storyboard */ = {
			isa = PBXVariantGroup;
			children = (
				8E31A822207C25910076CABF /* Base */,
			);
			name = Main.storyboard;
			sourceTree = "<group>";
		};
		8E31A826207C25940076CABF /* LaunchScreen.storyboard */ = {
			isa = PBXVariantGroup;
			children = (
				8E31A827207C25940076CABF /* Base */,
			);
			name = LaunchScreen.storyboard;
			sourceTree = "<group>";
		};
/* End PBXVariantGroup section */

/* Begin XCBuildConfiguration section */
		8E31A835207C25940076CABF /* Debug */ = {
			isa = XCBuildConfiguration;
			buildSettings = {
				ALWAYS_SEARCH_USER_PATHS = NO;
				CLANG_ANALYZER_NONNULL = YES;
				CLANG_ANALYZER_NUMBER_OBJECT_CONVERSION = YES_AGGRESSIVE;
				CLANG_CXX_LANGUAGE_STANDARD = "gnu++14";
				CLANG_CXX_LIBRARY = "libc++";
				CLANG_ENABLE_MODULES = YES;
				CLANG_ENABLE_OBJC_ARC = YES;
				CLANG_ENABLE_OBJC_WEAK = YES;
				CLANG_WARN_BLOCK_CAPTURE_AUTORELEASING = YES;
				CLANG_WARN_BOOL_CONVERSION = YES;
				CLANG_WARN_COMMA = YES;
				CLANG_WARN_CONSTANT_CONVERSION = YES;
				CLANG_WARN_DEPRECATED_OBJC_IMPLEMENTATIONS = YES;
				CLANG_WARN_DIRECT_OBJC_ISA_USAGE = YES_ERROR;
				CLANG_WARN_DOCUMENTATION_COMMENTS = YES;
				CLANG_WARN_EMPTY_BODY = YES;
				CLANG_WARN_ENUM_CONVERSION = YES;
				CLANG_WARN_INFINITE_RECURSION = YES;
				CLANG_WARN_INT_CONVERSION = YES;
				CLANG_WARN_NON_LITERAL_NULL_CONVERSION = YES;
				CLANG_WARN_OBJC_IMPLICIT_RETAIN_SELF = YES;
				CLANG_WARN_OBJC_LITERAL_CONVERSION = YES;
				CLANG_WARN_OBJC_ROOT_CLASS = YES_ERROR;
				CLANG_WARN_RANGE_LOOP_ANALYSIS = YES;
				CLANG_WARN_STRICT_PROTOTYPES = YES;
				CLANG_WARN_SUSPICIOUS_MOVE = YES;
				CLANG_WARN_UNGUARDED_AVAILABILITY = YES_AGGRESSIVE;
				CLANG_WARN_UNREACHABLE_CODE = YES;
				CLANG_WARN__DUPLICATE_METHOD_MATCH = YES;
				CODE_SIGN_IDENTITY = "iPhone Developer";
				COPY_PHASE_STRIP = NO;
				DEBUG_INFORMATION_FORMAT = dwarf;
				ENABLE_STRICT_OBJC_MSGSEND = YES;
				ENABLE_TESTABILITY = YES;
				GCC_C_LANGUAGE_STANDARD = gnu11;
				GCC_DYNAMIC_NO_PIC = NO;
				GCC_NO_COMMON_BLOCKS = YES;
				GCC_OPTIMIZATION_LEVEL = 0;
				GCC_PREPROCESSOR_DEFINITIONS = (
					"DEBUG=1",
					"$(inherited)",
				);
				GCC_WARN_64_TO_32_BIT_CONVERSION = YES;
				GCC_WARN_ABOUT_RETURN_TYPE = YES_ERROR;
				GCC_WARN_UNDECLARED_SELECTOR = YES;
				GCC_WARN_UNINITIALIZED_AUTOS = YES_AGGRESSIVE;
				GCC_WARN_UNUSED_FUNCTION = YES;
				GCC_WARN_UNUSED_VARIABLE = YES;
				IPHONEOS_DEPLOYMENT_TARGET = 11.3;
				MTL_ENABLE_DEBUG_INFO = YES;
				ONLY_ACTIVE_ARCH = YES;
				SDKROOT = iphoneos;
				SWIFT_ACTIVE_COMPILATION_CONDITIONS = DEBUG;
				SWIFT_OPTIMIZATION_LEVEL = "-Onone";
			};
			name = Debug;
		};
		8E31A836207C25940076CABF /* Release */ = {
			isa = XCBuildConfiguration;
			buildSettings = {
				ALWAYS_SEARCH_USER_PATHS = NO;
				CLANG_ANALYZER_NONNULL = YES;
				CLANG_ANALYZER_NUMBER_OBJECT_CONVERSION = YES_AGGRESSIVE;
				CLANG_CXX_LANGUAGE_STANDARD = "gnu++14";
				CLANG_CXX_LIBRARY = "libc++";
				CLANG_ENABLE_MODULES = YES;
				CLANG_ENABLE_OBJC_ARC = YES;
				CLANG_ENABLE_OBJC_WEAK = YES;
				CLANG_WARN_BLOCK_CAPTURE_AUTORELEASING = YES;
				CLANG_WARN_BOOL_CONVERSION = YES;
				CLANG_WARN_COMMA = YES;
				CLANG_WARN_CONSTANT_CONVERSION = YES;
				CLANG_WARN_DEPRECATED_OBJC_IMPLEMENTATIONS = YES;
				CLANG_WARN_DIRECT_OBJC_ISA_USAGE = YES_ERROR;
				CLANG_WARN_DOCUMENTATION_COMMENTS = YES;
				CLANG_WARN_EMPTY_BODY = YES;
				CLANG_WARN_ENUM_CONVERSION = YES;
				CLANG_WARN_INFINITE_RECURSION = YES;
				CLANG_WARN_INT_CONVERSION = YES;
				CLANG_WARN_NON_LITERAL_NULL_CONVERSION = YES;
				CLANG_WARN_OBJC_IMPLICIT_RETAIN_SELF = YES;
				CLANG_WARN_OBJC_LITERAL_CONVERSION = YES;
				CLANG_WARN_OBJC_ROOT_CLASS = YES_ERROR;
				CLANG_WARN_RANGE_LOOP_ANALYSIS = YES;
				CLANG_WARN_STRICT_PROTOTYPES = YES;
				CLANG_WARN_SUSPICIOUS_MOVE = YES;
				CLANG_WARN_UNGUARDED_AVAILABILITY = YES_AGGRESSIVE;
				CLANG_WARN_UNREACHABLE_CODE = YES;
				CLANG_WARN__DUPLICATE_METHOD_MATCH = YES;
				CODE_SIGN_IDENTITY = "iPhone Developer";
				COPY_PHASE_STRIP = NO;
				DEBUG_INFORMATION_FORMAT = "dwarf-with-dsym";
				ENABLE_NS_ASSERTIONS = NO;
				ENABLE_STRICT_OBJC_MSGSEND = YES;
				GCC_C_LANGUAGE_STANDARD = gnu11;
				GCC_NO_COMMON_BLOCKS = YES;
				GCC_WARN_64_TO_32_BIT_CONVERSION = YES;
				GCC_WARN_ABOUT_RETURN_TYPE = YES_ERROR;
				GCC_WARN_UNDECLARED_SELECTOR = YES;
				GCC_WARN_UNINITIALIZED_AUTOS = YES_AGGRESSIVE;
				GCC_WARN_UNUSED_FUNCTION = YES;
				GCC_WARN_UNUSED_VARIABLE = YES;
				IPHONEOS_DEPLOYMENT_TARGET = 11.3;
				MTL_ENABLE_DEBUG_INFO = NO;
				SDKROOT = iphoneos;
				SWIFT_COMPILATION_MODE = wholemodule;
				SWIFT_OPTIMIZATION_LEVEL = "-O";
				VALIDATE_PRODUCT = YES;
			};
			name = Release;
		};
		8E31A838207C25940076CABF /* Debug */ = {
			isa = XCBuildConfiguration;
			buildSettings = {
				ASSETCATALOG_COMPILER_APPICON_NAME = AppIcon;
				CODE_SIGN_STYLE = Automatic;
				INFOPLIST_FILE = "Card Shark iOS/Info.plist";
				LD_RUNPATH_SEARCH_PATHS = (
					"$(inherited)",
					"@executable_path/Frameworks",
				);
				PRODUCT_BUNDLE_IDENTIFIER = "com.runTest.Card-Shark-iOS";
				PRODUCT_NAME = "$(TARGET_NAME)";
				SWIFT_VERSION = 4.0;
				TARGETED_DEVICE_FAMILY = "1,2";
			};
			name = Debug;
		};
		8E31A839207C25940076CABF /* Release */ = {
			isa = XCBuildConfiguration;
			buildSettings = {
				ASSETCATALOG_COMPILER_APPICON_NAME = AppIcon;
				CODE_SIGN_STYLE = Automatic;
				INFOPLIST_FILE = "Card Shark iOS/Info.plist";
				LD_RUNPATH_SEARCH_PATHS = (
					"$(inherited)",
					"@executable_path/Frameworks",
				);
				PRODUCT_BUNDLE_IDENTIFIER = "com.runTest.Card-Shark-iOS";
				PRODUCT_NAME = "$(TARGET_NAME)";
				SWIFT_VERSION = 4.0;
				TARGETED_DEVICE_FAMILY = "1,2";
			};
			name = Release;
		};
		8E31A83B207C25940076CABF /* Debug */ = {
			isa = XCBuildConfiguration;
			buildSettings = {
				ALWAYS_EMBED_SWIFT_STANDARD_LIBRARIES = YES;
				BUNDLE_LOADER = "$(TEST_HOST)";
				CODE_SIGN_STYLE = Automatic;
				INFOPLIST_FILE = "Card Shark iOSTests/Info.plist";
				LD_RUNPATH_SEARCH_PATHS = (
					"$(inherited)",
					"@executable_path/Frameworks",
					"@loader_path/Frameworks",
				);
				PRODUCT_BUNDLE_IDENTIFIER = "com.runTest.Card-Shark-iOSTests";
				PRODUCT_NAME = "$(TARGET_NAME)";
				SWIFT_VERSION = 4.0;
				TARGETED_DEVICE_FAMILY = "1,2";
				TEST_HOST = "$(BUILT_PRODUCTS_DIR)/Card Shark iOS.app/Card Shark iOS";
			};
			name = Debug;
		};
		8E31A83C207C25940076CABF /* Release */ = {
			isa = XCBuildConfiguration;
			buildSettings = {
				ALWAYS_EMBED_SWIFT_STANDARD_LIBRARIES = YES;
				BUNDLE_LOADER = "$(TEST_HOST)";
				CODE_SIGN_STYLE = Automatic;
				INFOPLIST_FILE = "Card Shark iOSTests/Info.plist";
				LD_RUNPATH_SEARCH_PATHS = (
					"$(inherited)",
					"@executable_path/Frameworks",
					"@loader_path/Frameworks",
				);
				PRODUCT_BUNDLE_IDENTIFIER = "com.runTest.Card-Shark-iOSTests";
				PRODUCT_NAME = "$(TARGET_NAME)";
				SWIFT_VERSION = 4.0;
				TARGETED_DEVICE_FAMILY = "1,2";
				TEST_HOST = "$(BUILT_PRODUCTS_DIR)/Card Shark iOS.app/Card Shark iOS";
			};
			name = Release;
		};
/* End XCBuildConfiguration section */

/* Begin XCConfigurationList section */
		8E31A815207C25910076CABF /* Build configuration list for PBXProject "Card Shark iOS" */ = {
			isa = XCConfigurationList;
			buildConfigurations = (
				8E31A835207C25940076CABF /* Debug */,
				8E31A836207C25940076CABF /* Release */,
			);
			defaultConfigurationIsVisible = 0;
			defaultConfigurationName = Release;
		};
		8E31A837207C25940076CABF /* Build configuration list for PBXNativeTarget "Card Shark iOS" */ = {
			isa = XCConfigurationList;
			buildConfigurations = (
				8E31A838207C25940076CABF /* Debug */,
				8E31A839207C25940076CABF /* Release */,
			);
			defaultConfigurationIsVisible = 0;
			defaultConfigurationName = Release;
		};
		8E31A83A207C25940076CABF /* Build configuration list for PBXNativeTarget "Card Shark iOSTests" */ = {
			isa = XCConfigurationList;
			buildConfigurations = (
				8E31A83B207C25940076CABF /* Debug */,
				8E31A83C207C25940076CABF /* Release */,
			);
			defaultConfigurationIsVisible = 0;
			defaultConfigurationName = Release;
		};
/* End XCConfigurationList section */
	};
	rootObject = 8E31A812207C25910076CABF /* Project object */;
}
